// !$*UTF8*$!
{
	archiveVersion = 1;
	classes = {
	};
	objectVersion = 46;
	objects = {

/* Begin PBXBuildFile section */
		5F1B99EF1E9D008500AE4787 /* main.m in Sources */ = {isa = PBXBuildFile; fileRef = 5F1B99EE1E9D008500AE4787 /* main.m */; };
		5F3F99DF1E9DBC72003471F1 /* Fraction.m in Sources */ = {isa = PBXBuildFile; fileRef = 5F3F99DE1E9DBC72003471F1 /* Fraction.m */; };
		5F85C61D1E8603BF00D79C37 /* BNRPerson.m in Sources */ = {isa = PBXBuildFile; fileRef = 5F85C61C1E8603BF00D79C37 /* BNRPerson.m */; };
		5F85C6221E861D4D00D79C37 /* BNREmployee.m in Sources */ = {isa = PBXBuildFile; fileRef = 5F85C6211E861D4D00D79C37 /* BNREmployee.m */; };
		5F85C6251E87779500D79C37 /* BNRAsset.m in Sources */ = {isa = PBXBuildFile; fileRef = 5F85C6241E87779500D79C37 /* BNRAsset.m */; };
/* End PBXBuildFile section */

/* Begin PBXCopyFilesBuildPhase section */
		5F64226C1E6C2D1F0073C875 /* CopyFiles */ = {
			isa = PBXCopyFilesBuildPhase;
			buildActionMask = 2147483647;
			dstPath = /usr/share/man/man1/;
			dstSubfolderSpec = 0;
			files = (
			);
			runOnlyForDeploymentPostprocessing = 1;
		};
/* End PBXCopyFilesBuildPhase section */

/* Begin PBXFileReference section */
		5F1B99EE1E9D008500AE4787 /* main.m */ = {isa = PBXFileReference; fileEncoding = 4; lastKnownFileType = sourcecode.c.objc; path = main.m; sourceTree = "<group>"; };
		5F3F99DD1E9DBC72003471F1 /* Fraction.h */ = {isa = PBXFileReference; fileEncoding = 4; lastKnownFileType = sourcecode.c.h; name = Fraction.h; path = ../Fraction.h; sourceTree = "<group>"; };
		5F3F99DE1E9DBC72003471F1 /* Fraction.m */ = {isa = PBXFileReference; fileEncoding = 4; lastKnownFileType = sourcecode.c.objc; name = Fraction.m; path = ../Fraction.m; sourceTree = "<group>"; };
		5F64226E1E6C2D1F0073C875 /* OCTestOne */ = {isa = PBXFileReference; explicitFileType = "compiled.mach-o.executable"; includeInIndex = 0; path = OCTestOne; sourceTree = BUILT_PRODUCTS_DIR; };
		5F85C61B1E8603BF00D79C37 /* BNRPerson.h */ = {isa = PBXFileReference; fileEncoding = 4; lastKnownFileType = sourcecode.c.h; path = BNRPerson.h; sourceTree = "<group>"; };
		5F85C61C1E8603BF00D79C37 /* BNRPerson.m */ = {isa = PBXFileReference; fileEncoding = 4; lastKnownFileType = sourcecode.c.objc; path = BNRPerson.m; sourceTree = "<group>"; };
		5F85C6201E861D4D00D79C37 /* BNREmployee.h */ = {isa = PBXFileReference; fileEncoding = 4; lastKnownFileType = sourcecode.c.h; path = BNREmployee.h; sourceTree = "<group>"; };
		5F85C6211E861D4D00D79C37 /* BNREmployee.m */ = {isa = PBXFileReference; fileEncoding = 4; lastKnownFileType = sourcecode.c.objc; path = BNREmployee.m; sourceTree = "<group>"; };
		5F85C6231E87779500D79C37 /* BNRAsset.h */ = {isa = PBXFileReference; fileEncoding = 4; lastKnownFileType = sourcecode.c.h; path = BNRAsset.h; sourceTree = "<group>"; };
		5F85C6241E87779500D79C37 /* BNRAsset.m */ = {isa = PBXFileReference; fileEncoding = 4; lastKnownFileType = sourcecode.c.objc; path = BNRAsset.m; sourceTree = "<group>"; };
/* End PBXFileReference section */

/* Begin PBXFrameworksBuildPhase section */
		5F64226B1E6C2D1F0073C875 /* Frameworks */ = {
			isa = PBXFrameworksBuildPhase;
			buildActionMask = 2147483647;
			files = (
			);
			runOnlyForDeploymentPostprocessing = 0;
		};
/* End PBXFrameworksBuildPhase section */

/* Begin PBXGroup section */
		5F6422651E6C2D1F0073C875 = {
			isa = PBXGroup;
			children = (
				5F6422701E6C2D1F0073C875 /* OCTestOne */,
				5F64226F1E6C2D1F0073C875 /* Products */,
			);
			sourceTree = "<group>";
		};
		5F64226F1E6C2D1F0073C875 /* Products */ = {
			isa = PBXGroup;
			children = (
				5F64226E1E6C2D1F0073C875 /* OCTestOne */,
			);
			name = Products;
			sourceTree = "<group>";
		};
		5F6422701E6C2D1F0073C875 /* OCTestOne */ = {
			isa = PBXGroup;
			children = (
				5F3F99DD1E9DBC72003471F1 /* Fraction.h */,
				5F3F99DE1E9DBC72003471F1 /* Fraction.m */,
				5F85C61B1E8603BF00D79C37 /* BNRPerson.h */,
				5F85C61C1E8603BF00D79C37 /* BNRPerson.m */,
				5F85C6201E861D4D00D79C37 /* BNREmployee.h */,
				5F85C6231E87779500D79C37 /* BNRAsset.h */,
				5F85C6241E87779500D79C37 /* BNRAsset.m */,
				5F85C6211E861D4D00D79C37 /* BNREmployee.m */,
				5F1B99EE1E9D008500AE4787 /* main.m */,
			);
			path = OCTestOne;
			sourceTree = "<group>";
		};
/* End PBXGroup section */

/* Begin PBXNativeTarget section */
		5F64226D1E6C2D1F0073C875 /* OCTestOne */ = {
			isa = PBXNativeTarget;
			buildConfigurationList = 5F6422751E6C2D1F0073C875 /* Build configuration list for PBXNativeTarget "OCTestOne" */;
			buildPhases = (
				5F64226A1E6C2D1F0073C875 /* Sources */,
				5F64226B1E6C2D1F0073C875 /* Frameworks */,
				5F64226C1E6C2D1F0073C875 /* CopyFiles */,
			);
			buildRules = (
			);
			dependencies = (
			);
			name = OCTestOne;
			productName = OCTestOne;
			productReference = 5F64226E1E6C2D1F0073C875 /* OCTestOne */;
			productType = "com.apple.product-type.tool";
		};
/* End PBXNativeTarget section */

/* Begin PBXProject section */
		5F6422661E6C2D1F0073C875 /* Project object */ = {
			isa = PBXProject;
			attributes = {
				LastUpgradeCheck = 0820;
				ORGANIZATIONNAME = xcc;
				TargetAttributes = {
					5F64226D1E6C2D1F0073C875 = {
						CreatedOnToolsVersion = 8.2;
						ProvisioningStyle = Automatic;
					};
				};
			};
			buildConfigurationList = 5F6422691E6C2D1F0073C875 /* Build configuration list for PBXProject "OCTestOne" */;
			compatibilityVersion = "Xcode 3.2";
			developmentRegion = English;
			hasScannedForEncodings = 0;
			knownRegions = (
				en,
			);
			mainGroup = 5F6422651E6C2D1F0073C875;
			productRefGroup = 5F64226F1E6C2D1F0073C875 /* Products */;
			projectDirPath = "";
			projectRoot = "";
			targets = (
				5F64226D1E6C2D1F0073C875 /* OCTestOne */,
			);
		};
/* End PBXProject section */

/* Begin PBXSourcesBuildPhase section */
		5F64226A1E6C2D1F0073C875 /* Sources */ = {
			isa = PBXSourcesBuildPhase;
			buildActionMask = 2147483647;
			files = (
				5F85C6251E87779500D79C37 /* BNRAsset.m in Sources */,
				5F85C6221E861D4D00D79C37 /* BNREmployee.m in Sources */,
				5F85C61D1E8603BF00D79C37 /* BNRPerson.m in Sources */,
				5F1B99EF1E9D008500AE4787 /* main.m in Sources */,
				5F3F99DF1E9DBC72003471F1 /* Fraction.m in Sources */,
			);
			runOnlyForDeploymentPostprocessing = 0;
		};
/* End PBXSourcesBuildPhase section */

/* Begin XCBuildConfiguration section */
		5F6422731E6C2D1F0073C875 /* Debug */ = {
			isa = XCBuildConfiguration;
			buildSettings = {
				ALWAYS_SEARCH_USER_PATHS = NO;
				CLANG_ANALYZER_NONNULL = YES;
				CLANG_CXX_LANGUAGE_STANDARD = "gnu++0x";
				CLANG_CXX_LIBRARY = "libc++";
				CLANG_ENABLE_MODULES = YES;
				CLANG_ENABLE_OBJC_ARC = YES;
				CLANG_WARN_BOOL_CONVERSION = YES;
				CLANG_WARN_CONSTANT_CONVERSION = YES;
				CLANG_WARN_DIRECT_OBJC_ISA_USAGE = YES_ERROR;
				CLANG_WARN_DOCUMENTATION_COMMENTS = YES;
				CLANG_WARN_EMPTY_BODY = YES;
				CLANG_WARN_ENUM_CONVERSION = YES;
				CLANG_WARN_INFINITE_RECURSION = YES;
				CLANG_WARN_INT_CONVERSION = YES;
				CLANG_WARN_OBJC_ROOT_CLASS = YES_ERROR;
				CLANG_WARN_SUSPICIOUS_MOVE = YES;
				CLANG_WARN_UNREACHABLE_CODE = YES;
				CLANG_WARN__DUPLICATE_METHOD_MATCH = YES;
				CODE_SIGN_IDENTITY = "-";
				COPY_PHASE_STRIP = NO;
				DEBUG_INFORMATION_FORMAT = dwarf;
				ENABLE_STRICT_OBJC_MSGSEND = YES;
				ENABLE_TESTABILITY = YES;
				GCC_C_LANGUAGE_STANDARD = gnu99;
				GCC_DYNAMIC_NO_PIC = NO;
				GCC_NO_COMMON_BLOCKS = YES;
				GCC_OPTIMIZATION_LEVEL = 0;
				GCC_PREPROCESSOR_DEFINITIONS = (
					"DEBUG=1",
					"$(inherited)",
				);
				GCC_WARN_64_TO_32_BIT_CONVERSION = YES;
				GCC_WARN_ABOUT_RETURN_TYPE = YES_ERROR;
				GCC_WARN_UNDECLARED_SELECTOR = YES;
				GCC_WARN_UNINITIALIZED_AUTOS = YES_AGGRESSIVE;
				GCC_WARN_UNUSED_FUNCTION = YES;
				GCC_WARN_UNUSED_VARIABLE = YES;
				MACOSX_DEPLOYMENT_TARGET = 10.11;
				MTL_ENABLE_DEBUG_INFO = YES;
				ONLY_ACTIVE_ARCH = YES;
				SDKROOT = macosx;
			};
			name = Debug;
		};
		5F6422741E6C2D1F0073C875 /* Release */ = {
			isa = XCBuildConfiguration;
			buildSettings = {
				ALWAYS_SEARCH_USER_PATHS = NO;
				CLANG_ANALYZER_NONNULL = YES;
				CLANG_CXX_LANGUAGE_STANDARD = "gnu++0x";
				CLANG_CXX_LIBRARY = "libc++";
				CLANG_ENABLE_MODULES = YES;
				CLANG_ENABLE_OBJC_ARC = YES;
				CLANG_WARN_BOOL_CONVERSION = YES;
				CLANG_WARN_CONSTANT_CONVERSION = YES;
				CLANG_WARN_DIRECT_OBJC_ISA_USAGE = YES_ERROR;
				CLANG_WARN_DOCUMENTATION_COMMENTS = YES;
				CLANG_WARN_EMPTY_BODY = YES;
				CLANG_WARN_ENUM_CONVERSION = YES;
				CLANG_WARN_INFINITE_RECURSION = YES;
				CLANG_WARN_INT_CONVERSION = YES;
				CLANG_WARN_OBJC_ROOT_CLASS = YES_ERROR;
				CLANG_WARN_SUSPICIOUS_MOVE = YES;
				CLANG_WARN_UNREACHABLE_CODE = YES;
				CLANG_WARN__DUPLICATE_METHOD_MATCH = YES;
				CODE_SIGN_IDENTITY = "-";
				COPY_PHASE_STRIP = NO;
				DEBUG_INFORMATION_FORMAT = "dwarf-with-dsym";
				ENABLE_NS_ASSERTIONS = NO;
				ENABLE_STRICT_OBJC_MSGSEND = YES;
				GCC_C_LANGUAGE_STANDARD = gnu99;
				GCC_NO_COMMON_BLOCKS = YES;
				GCC_WARN_64_TO_32_BIT_CONVERSION = YES;
				GCC_WARN_ABOUT_RETURN_TYPE = YES_ERROR;
				GCC_WARN_UNDECLARED_SELECTOR = YES;
				GCC_WARN_UNINITIALIZED_AUTOS = YES_AGGRESSIVE;
				GCC_WARN_UNUSED_FUNCTION = YES;
				GCC_WARN_UNUSED_VARIABLE = YES;
				MACOSX_DEPLOYMENT_TARGET = 10.11;
				MTL_ENABLE_DEBUG_INFO = NO;
				SDKROOT = macosx;
			};
			name = Release;
		};
		5F6422761E6C2D1F0073C875 /* Debug */ = {
			isa = XCBuildConfiguration;
			buildSettings = {
				PRODUCT_NAME = "$(TARGET_NAME)";
			};
			name = Debug;
		};
		5F6422771E6C2D1F0073C875 /* Release */ = {
			isa = XCBuildConfiguration;
			buildSettings = {
				PRODUCT_NAME = "$(TARGET_NAME)";
			};
			name = Release;
		};
/* End XCBuildConfiguration section */

/* Begin XCConfigurationList section */
		5F6422691E6C2D1F0073C875 /* Build configuration list for PBXProject "OCTestOne" */ = {
			isa = XCConfigurationList;
			buildConfigurations = (
				5F6422731E6C2D1F0073C875 /* Debug */,
				5F6422741E6C2D1F0073C875 /* Release */,
			);
			defaultConfigurationIsVisible = 0;
			defaultConfigurationName = Release;
		};
		5F6422751E6C2D1F0073C875 /* Build configuration list for PBXNativeTarget "OCTestOne" */ = {
			isa = XCConfigurationList;
			buildConfigurations = (
				5F6422761E6C2D1F0073C875 /* Debug */,
				5F6422771E6C2D1F0073C875 /* Release */,
			);
			defaultConfigurationIsVisible = 0;
			defaultConfigurationName = Release;
		};
/* End XCConfigurationList section */
	};
	rootObject = 5F6422661E6C2D1F0073C875 /* Project object */;
}
